
Microsoft Visual Studio Solution File, Format Version 12.00
# Visual Studio Version 17
VisualStudioVersion = 17.8.34330.188
MinimumVisualStudioVersion = 10.0.40219.1
Project("{9A19103F-16F7-4668-BE54-9A1E7A4F7556}") = "GraphingTool", "PulsenicsAssessmentMohammedMusleh\GraphingTool.csproj", "{B570CD22-374C-41AF-AFF0-85EF55BEE278}"
EndProject
Global
	GlobalSection(SolutionConfigurationPlatforms) = preSolution
		Debug|Any CPU = Debug|Any CPU
		Release|Any CPU = Release|Any CPU
	EndGlobalSection
	GlobalSection(ProjectConfigurationPlatforms) = postSolution
		{B570CD22-374C-41AF-AFF0-85EF55BEE278}.Debug|Any CPU.ActiveCfg = Debug|Any CPU
		{B570CD22-374C-41AF-AFF0-85EF55BEE278}.Debug|Any CPU.Build.0 = Debug|Any CPU
		{B570CD22-374C-41AF-AFF0-85EF55BEE278}.Release|Any CPU.ActiveCfg = Release|Any CPU
		{B570CD22-374C-41AF-AFF0-85EF55BEE278}.Release|Any CPU.Build.0 = Release|Any CPU
	EndGlobalSection
	GlobalSection(SolutionProperties) = preSolution
		HideSolutionNode = FALSE
	EndGlobalSection
	GlobalSection(ExtensibilityGlobals) = postSolution
		SolutionGuid = {058D4B73-6C96-45AA-80ED-8A66EB6102FA}
	EndGlobalSection
EndGlobal
